
Microsoft Visual Studio Solution File, Format Version 12.00
# Visual Studio Version 16
VisualStudioVersion = 16.0.34407.143
MinimumVisualStudioVersion = 10.0.40219.1
Project("{FAE04EC0-301F-11D3-BF4B-00C04F79EFBC}") = "sendEmail", "sendEmail\sendEmail.csproj", "{61B5B681-AC85-4F22-B631-70C6DC7C6EC9}"
EndProject
Global
	GlobalSection(SolutionConfigurationPlatforms) = preSolution
		Debug|Any CPU = Debug|Any CPU
		Release|Any CPU = Release|Any CPU
	EndGlobalSection
	GlobalSection(ProjectConfigurationPlatforms) = postSolution
		{61B5B681-AC85-4F22-B631-70C6DC7C6EC9}.Debug|Any CPU.ActiveCfg = Debug|Any CPU
		{61B5B681-AC85-4F22-B631-70C6DC7C6EC9}.Debug|Any CPU.Build.0 = Debug|Any CPU
		{61B5B681-AC85-4F22-B631-70C6DC7C6EC9}.Release|Any CPU.ActiveCfg = Release|Any CPU
		{61B5B681-AC85-4F22-B631-70C6DC7C6EC9}.Release|Any CPU.Build.0 = Release|Any CPU
	EndGlobalSection
	GlobalSection(SolutionProperties) = preSolution
		HideSolutionNode = FALSE
	EndGlobalSection
	GlobalSection(ExtensibilityGlobals) = postSolution
		SolutionGuid = {B1AA99F2-1CCA-475C-BE58-AC620E40D8B8}
	EndGlobalSection
EndGlobal
